
Microsoft Visual Studio Solution File, Format Version 12.00
# Visual Studio 15
VisualStudioVersion = 15.0.26730.8
MinimumVisualStudioVersion = 10.0.40219.1
Project("{8BC9CEB8-8B4A-11D0-8D11-00A0C91BC942}") = "Prob4_03", "Prob4_03\Prob4_03.vcxproj", "{EEDE1F75-9B2A-4D3E-B6D4-C982DBDAA970}"
EndProject
Global
	GlobalSection(SolutionConfigurationPlatforms) = preSolution
		Debug|x64 = Debug|x64
		Debug|x86 = Debug|x86
		Release|x64 = Release|x64
		Release|x86 = Release|x86
	EndGlobalSection
	GlobalSection(ProjectConfigurationPlatforms) = postSolution
		{EEDE1F75-9B2A-4D3E-B6D4-C982DBDAA970}.Debug|x64.ActiveCfg = Debug|x64
		{EEDE1F75-9B2A-4D3E-B6D4-C982DBDAA970}.Debug|x64.Build.0 = Debug|x64
		{EEDE1F75-9B2A-4D3E-B6D4-C982DBDAA970}.Debug|x86.ActiveCfg = Debug|Win32
		{EEDE1F75-9B2A-4D3E-B6D4-C982DBDAA970}.Debug|x86.Build.0 = Debug|Win32
		{EEDE1F75-9B2A-4D3E-B6D4-C982DBDAA970}.Release|x64.ActiveCfg = Release|x64
		{EEDE1F75-9B2A-4D3E-B6D4-C982DBDAA970}.Release|x64.Build.0 = Release|x64
		{EEDE1F75-9B2A-4D3E-B6D4-C982DBDAA970}.Release|x86.ActiveCfg = Release|Win32
		{EEDE1F75-9B2A-4D3E-B6D4-C982DBDAA970}.Release|x86.Build.0 = Release|Win32
	EndGlobalSection
	GlobalSection(SolutionProperties) = preSolution
		HideSolutionNode = FALSE
	EndGlobalSection
	GlobalSection(ExtensibilityGlobals) = postSolution
		SolutionGuid = {1EAE8A9F-D3E3-4063-8413-851F89A8BD86}
	EndGlobalSection
EndGlobal
